
Microsoft Visual Studio Solution File, Format Version 12.00
# Visual Studio 15
VisualStudioVersion = 15.0.27130.2010
MinimumVisualStudioVersion = 10.0.40219.1
Project("{9A19103F-16F7-4668-BE54-9A1E7A4F7556}") = "PillarBox.Web", "PillarBox.Web\PillarBox.Web.csproj", "{C411F1F0-A901-45B6-BE55-985ACE64BCFB}"
EndProject
Project("{FAE04EC0-301F-11D3-BF4B-00C04F79EFBC}") = "PillarBox.Business", "PillarBox.Business\PillarBox.Business.csproj", "{6CE75CC2-7189-449D-AC42-1E0D235DDBA1}"
EndProject
Project("{FAE04EC0-301F-11D3-BF4B-00C04F79EFBC}") = "PillarBox.Data", "PillarBox.Data\PillarBox.Data.csproj", "{06F895E2-AFFF-44AF-AEE5-14F39E8FC941}"
EndProject
Project("{FAE04EC0-301F-11D3-BF4B-00C04F79EFBC}") = "PillarBox.Tests", "PillarBox.Tests\PillarBox.Tests.csproj", "{302F420F-39F3-416A-8C1D-B2099241F06C}"
EndProject
Global
	GlobalSection(SolutionConfigurationPlatforms) = preSolution
		Debug|Any CPU = Debug|Any CPU
		Release|Any CPU = Release|Any CPU
	EndGlobalSection
	GlobalSection(ProjectConfigurationPlatforms) = postSolution
		{C411F1F0-A901-45B6-BE55-985ACE64BCFB}.Debug|Any CPU.ActiveCfg = Debug|Any CPU
		{C411F1F0-A901-45B6-BE55-985ACE64BCFB}.Debug|Any CPU.Build.0 = Debug|Any CPU
		{C411F1F0-A901-45B6-BE55-985ACE64BCFB}.Release|Any CPU.ActiveCfg = Release|Any CPU
		{C411F1F0-A901-45B6-BE55-985ACE64BCFB}.Release|Any CPU.Build.0 = Release|Any CPU
		{6CE75CC2-7189-449D-AC42-1E0D235DDBA1}.Debug|Any CPU.ActiveCfg = Debug|Any CPU
		{6CE75CC2-7189-449D-AC42-1E0D235DDBA1}.Debug|Any CPU.Build.0 = Debug|Any CPU
		{6CE75CC2-7189-449D-AC42-1E0D235DDBA1}.Release|Any CPU.ActiveCfg = Release|Any CPU
		{6CE75CC2-7189-449D-AC42-1E0D235DDBA1}.Release|Any CPU.Build.0 = Release|Any CPU
		{06F895E2-AFFF-44AF-AEE5-14F39E8FC941}.Debug|Any CPU.ActiveCfg = Debug|Any CPU
		{06F895E2-AFFF-44AF-AEE5-14F39E8FC941}.Debug|Any CPU.Build.0 = Debug|Any CPU
		{06F895E2-AFFF-44AF-AEE5-14F39E8FC941}.Release|Any CPU.ActiveCfg = Release|Any CPU
		{06F895E2-AFFF-44AF-AEE5-14F39E8FC941}.Release|Any CPU.Build.0 = Release|Any CPU
		{302F420F-39F3-416A-8C1D-B2099241F06C}.Debug|Any CPU.ActiveCfg = Debug|Any CPU
		{302F420F-39F3-416A-8C1D-B2099241F06C}.Debug|Any CPU.Build.0 = Debug|Any CPU
		{302F420F-39F3-416A-8C1D-B2099241F06C}.Release|Any CPU.ActiveCfg = Release|Any CPU
		{302F420F-39F3-416A-8C1D-B2099241F06C}.Release|Any CPU.Build.0 = Release|Any CPU
	EndGlobalSection
	GlobalSection(SolutionProperties) = preSolution
		HideSolutionNode = FALSE
	EndGlobalSection
	GlobalSection(ExtensibilityGlobals) = postSolution
		SolutionGuid = {89E7B4BE-1A6B-4961-BF65-CDB79A1A1B90}
	EndGlobalSection
EndGlobal
